
Microsoft Visual Studio Solution File, Format Version 12.00
Project("{FAE04EC0-301F-11D3-BF4B-00C04F79EFBC}") = "AdventOfCode2023.Day1", "AdventOfCode2023.Day1\AdventOfCode2023.Day1.csproj", "{9EDAA014-35AB-4CF0-912B-844A62ED82DF}"
EndProject
Project("{FAE04EC0-301F-11D3-BF4B-00C04F79EFBC}") = "AdventOfCode2023.Day2", "AdventOfCode2023.Day2\AdventOfCode2023.Day2.csproj", "{CA88DF96-CEDF-4EBE-A221-5C8CFFCB9E6C}"
EndProject
Project("{FAE04EC0-301F-11D3-BF4B-00C04F79EFBC}") = "AdventOfCode2023.Day3", "AdventOfCode2023.Day3\AdventOfCode2023.Day3.csproj", "{FF47F66F-1978-40E3-B846-BB491F91E035}"
EndProject
Project("{FAE04EC0-301F-11D3-BF4B-00C04F79EFBC}") = "AdventOfCode2023.Day4", "AdventOfCode2023.Day4\AdventOfCode2023.Day4.csproj", "{EA9149F9-A791-4854-8E1D-A5025C3CF01A}"
EndProject
Project("{FAE04EC0-301F-11D3-BF4B-00C04F79EFBC}") = "AdventOfCode2023.Day5", "AdventOfCode2023.Day5\AdventOfCode2023.Day5.csproj", "{33097B83-7E4B-4B45-9B00-33F3F0E09789}"
EndProject
Project("{FAE04EC0-301F-11D3-BF4B-00C04F79EFBC}") = "AdventOfCode2023.Day6", "AdventOfCode2023.Day6\AdventOfCode2023.Day6.csproj", "{0C302CEE-AA0F-4D36-A657-D83043CB2655}"
EndProject
Global
	GlobalSection(SolutionConfigurationPlatforms) = preSolution
		Debug|Any CPU = Debug|Any CPU
		Release|Any CPU = Release|Any CPU
	EndGlobalSection
	GlobalSection(ProjectConfigurationPlatforms) = postSolution
		{9EDAA014-35AB-4CF0-912B-844A62ED82DF}.Debug|Any CPU.ActiveCfg = Debug|Any CPU
		{9EDAA014-35AB-4CF0-912B-844A62ED82DF}.Debug|Any CPU.Build.0 = Debug|Any CPU
		{9EDAA014-35AB-4CF0-912B-844A62ED82DF}.Release|Any CPU.ActiveCfg = Release|Any CPU
		{9EDAA014-35AB-4CF0-912B-844A62ED82DF}.Release|Any CPU.Build.0 = Release|Any CPU
		{CA88DF96-CEDF-4EBE-A221-5C8CFFCB9E6C}.Debug|Any CPU.ActiveCfg = Debug|Any CPU
		{CA88DF96-CEDF-4EBE-A221-5C8CFFCB9E6C}.Debug|Any CPU.Build.0 = Debug|Any CPU
		{CA88DF96-CEDF-4EBE-A221-5C8CFFCB9E6C}.Release|Any CPU.ActiveCfg = Release|Any CPU
		{CA88DF96-CEDF-4EBE-A221-5C8CFFCB9E6C}.Release|Any CPU.Build.0 = Release|Any CPU
		{FF47F66F-1978-40E3-B846-BB491F91E035}.Debug|Any CPU.ActiveCfg = Debug|Any CPU
		{FF47F66F-1978-40E3-B846-BB491F91E035}.Debug|Any CPU.Build.0 = Debug|Any CPU
		{FF47F66F-1978-40E3-B846-BB491F91E035}.Release|Any CPU.ActiveCfg = Release|Any CPU
		{FF47F66F-1978-40E3-B846-BB491F91E035}.Release|Any CPU.Build.0 = Release|Any CPU
		{EA9149F9-A791-4854-8E1D-A5025C3CF01A}.Debug|Any CPU.ActiveCfg = Debug|Any CPU
		{EA9149F9-A791-4854-8E1D-A5025C3CF01A}.Debug|Any CPU.Build.0 = Debug|Any CPU
		{EA9149F9-A791-4854-8E1D-A5025C3CF01A}.Release|Any CPU.ActiveCfg = Release|Any CPU
		{EA9149F9-A791-4854-8E1D-A5025C3CF01A}.Release|Any CPU.Build.0 = Release|Any CPU
		{33097B83-7E4B-4B45-9B00-33F3F0E09789}.Debug|Any CPU.ActiveCfg = Debug|Any CPU
		{33097B83-7E4B-4B45-9B00-33F3F0E09789}.Debug|Any CPU.Build.0 = Debug|Any CPU
		{33097B83-7E4B-4B45-9B00-33F3F0E09789}.Release|Any CPU.ActiveCfg = Release|Any CPU
		{33097B83-7E4B-4B45-9B00-33F3F0E09789}.Release|Any CPU.Build.0 = Release|Any CPU
		{0C302CEE-AA0F-4D36-A657-D83043CB2655}.Debug|Any CPU.ActiveCfg = Debug|Any CPU
		{0C302CEE-AA0F-4D36-A657-D83043CB2655}.Debug|Any CPU.Build.0 = Debug|Any CPU
		{0C302CEE-AA0F-4D36-A657-D83043CB2655}.Release|Any CPU.ActiveCfg = Release|Any CPU
		{0C302CEE-AA0F-4D36-A657-D83043CB2655}.Release|Any CPU.Build.0 = Release|Any CPU
	EndGlobalSection
EndGlobal
